// !$*UTF8*$!
{
	archiveVersion = 1;
	classes = {
	};
	objectVersion = 50;
	objects = {

/* Begin PBXBuildFile section */
		8A0B4F05212406E8001B2DC7 /* AppDelegate.swift in Sources */ = {isa = PBXBuildFile; fileRef = 8A0B4F04212406E8001B2DC7 /* AppDelegate.swift */; };
		8A0B4F07212406E8001B2DC7 /* ViewController.swift in Sources */ = {isa = PBXBuildFile; fileRef = 8A0B4F06212406E8001B2DC7 /* ViewController.swift */; };
		8A0B4F0A212406E8001B2DC7 /* Main.storyboard in Resources */ = {isa = PBXBuildFile; fileRef = 8A0B4F08212406E8001B2DC7 /* Main.storyboard */; };
		8A0B4F0C212406EB001B2DC7 /* Assets.xcassets in Resources */ = {isa = PBXBuildFile; fileRef = 8A0B4F0B212406EB001B2DC7 /* Assets.xcassets */; };
		8A0B4F0F212406EB001B2DC7 /* LaunchScreen.storyboard in Resources */ = {isa = PBXBuildFile; fileRef = 8A0B4F0D212406EB001B2DC7 /* LaunchScreen.storyboard */; };
		8A0B4F1F21240915001B2DC7 /* Home.storyboard in Resources */ = {isa = PBXBuildFile; fileRef = 8A0B4F1D21240915001B2DC7 /* Home.storyboard */; };
		8A0B4F222124096D001B2DC7 /* Live.storyboard in Resources */ = {isa = PBXBuildFile; fileRef = 8A0B4F202124096D001B2DC7 /* Live.storyboard */; };
		8A0B4F24212409D7001B2DC7 /* Follow.storyboard in Resources */ = {isa = PBXBuildFile; fileRef = 8A0B4F23212409D7001B2DC7 /* Follow.storyboard */; };
		8A0B4F2621240A66001B2DC7 /* MainViewViewController.swift in Sources */ = {isa = PBXBuildFile; fileRef = 8A0B4F2521240A66001B2DC7 /* MainViewViewController.swift */; };
		8A0B4F2821240C75001B2DC7 /* Profile.storyboard in Resources */ = {isa = PBXBuildFile; fileRef = 8A0B4F2721240C75001B2DC7 /* Profile.storyboard */; };
		8A0B4F3021240E59001B2DC7 /* HomeViewController.swift in Sources */ = {isa = PBXBuildFile; fileRef = 8A0B4F2F21240E59001B2DC7 /* HomeViewController.swift */; };
		8A0B4F33212411B0001B2DC7 /* UIBarButtonItem.swift in Sources */ = {isa = PBXBuildFile; fileRef = 8A0B4F32212411B0001B2DC7 /* UIBarButtonItem.swift */; };
		8A0B4F35212429CF001B2DC7 /* PageTitleView.swift in Sources */ = {isa = PBXBuildFile; fileRef = 8A0B4F34212429CF001B2DC7 /* PageTitleView.swift */; };
		8A0B4F3721242EC9001B2DC7 /* Common.swift in Sources */ = {isa = PBXBuildFile; fileRef = 8A0B4F3621242EC9001B2DC7 /* Common.swift */; };
		8A76AA80212696D1009C2F43 /* CollectionHeaderView.swift in Sources */ = {isa = PBXBuildFile; fileRef = 8A76AA7E212696D1009C2F43 /* CollectionHeaderView.swift */; };
		8A76AA81212696D1009C2F43 /* CollectionHeaderView.xib in Resources */ = {isa = PBXBuildFile; fileRef = 8A76AA7F212696D1009C2F43 /* CollectionHeaderView.xib */; };
		8A76AA842126A05D009C2F43 /* CollectionNormalCell.swift in Sources */ = {isa = PBXBuildFile; fileRef = 8A76AA822126A05D009C2F43 /* CollectionNormalCell.swift */; };
		8A76AA852126A05D009C2F43 /* CollectionNormalCell.xib in Resources */ = {isa = PBXBuildFile; fileRef = 8A76AA832126A05D009C2F43 /* CollectionNormalCell.xib */; };
		8A76AA882126AB8B009C2F43 /* CollectionPrettyCell.swift in Sources */ = {isa = PBXBuildFile; fileRef = 8A76AA862126AB8A009C2F43 /* CollectionPrettyCell.swift */; };
		8A76AA892126AB8B009C2F43 /* CollectionPrettyCell.xib in Resources */ = {isa = PBXBuildFile; fileRef = 8A76AA872126AB8B009C2F43 /* CollectionPrettyCell.xib */; };
		8A76AA8B2126BD0A009C2F43 /* NetworkTools.swift in Sources */ = {isa = PBXBuildFile; fileRef = 8A76AA8A2126BD0A009C2F43 /* NetworkTools.swift */; };
		8AD3A047212547F5008082EE /* UIColor-Extension.swift in Sources */ = {isa = PBXBuildFile; fileRef = 8AD3A046212547F5008082EE /* UIColor-Extension.swift */; };
		8AD3A0492125484E008082EE /* PageContentView.swift in Sources */ = {isa = PBXBuildFile; fileRef = 8AD3A0482125484E008082EE /* PageContentView.swift */; };
		8AD3A04B21257B05008082EE /* RecommendViewController.swift in Sources */ = {isa = PBXBuildFile; fileRef = 8AD3A04A21257B05008082EE /* RecommendViewController.swift */; };
		E2E7BF7EE8FF71CB96DCABD4 /* Pods_IRLive.framework in Frameworks */ = {isa = PBXBuildFile; fileRef = 8C24947288F9C946EDD9F027 /* Pods_IRLive.framework */; };
/* End PBXBuildFile section */

/* Begin PBXFileReference section */
		3101F3A543EB6A5787631D02 /* Pods-IRLive.debug.xcconfig */ = {isa = PBXFileReference; includeInIndex = 1; lastKnownFileType = text.xcconfig; name = "Pods-IRLive.debug.xcconfig"; path = "Pods/Target Support Files/Pods-IRLive/Pods-IRLive.debug.xcconfig"; sourceTree = "<group>"; };
		8448088C34C256A2B27D7CEC /* Pods-IRLive.release.xcconfig */ = {isa = PBXFileReference; includeInIndex = 1; lastKnownFileType = text.xcconfig; name = "Pods-IRLive.release.xcconfig"; path = "Pods/Target Support Files/Pods-IRLive/Pods-IRLive.release.xcconfig"; sourceTree = "<group>"; };
		8A0B4F01212406E8001B2DC7 /* IRLive.app */ = {isa = PBXFileReference; explicitFileType = wrapper.application; includeInIndex = 0; path = IRLive.app; sourceTree = BUILT_PRODUCTS_DIR; };
		8A0B4F04212406E8001B2DC7 /* AppDelegate.swift */ = {isa = PBXFileReference; lastKnownFileType = sourcecode.swift; path = AppDelegate.swift; sourceTree = "<group>"; };
		8A0B4F06212406E8001B2DC7 /* ViewController.swift */ = {isa = PBXFileReference; lastKnownFileType = sourcecode.swift; path = ViewController.swift; sourceTree = "<group>"; };
		8A0B4F09212406E8001B2DC7 /* Base */ = {isa = PBXFileReference; lastKnownFileType = file.storyboard; name = Base; path = Base.lproj/Main.storyboard; sourceTree = "<group>"; };
		8A0B4F0B212406EB001B2DC7 /* Assets.xcassets */ = {isa = PBXFileReference; lastKnownFileType = folder.assetcatalog; path = Assets.xcassets; sourceTree = "<group>"; };
		8A0B4F0E212406EB001B2DC7 /* Base */ = {isa = PBXFileReference; lastKnownFileType = file.storyboard; name = Base; path = Base.lproj/LaunchScreen.storyboard; sourceTree = "<group>"; };
		8A0B4F10212406EB001B2DC7 /* Info.plist */ = {isa = PBXFileReference; lastKnownFileType = text.plist.xml; path = Info.plist; sourceTree = "<group>"; };
		8A0B4F1E21240915001B2DC7 /* Base */ = {isa = PBXFileReference; lastKnownFileType = file.storyboard; name = Base; path = IRLive/Base.lproj/Home.storyboard; sourceTree = "<group>"; };
		8A0B4F212124096D001B2DC7 /* Base */ = {isa = PBXFileReference; lastKnownFileType = file.storyboard; name = Base; path = IRLive/Base.lproj/Live.storyboard; sourceTree = "<group>"; };
		8A0B4F23212409D7001B2DC7 /* Follow.storyboard */ = {isa = PBXFileReference; fileEncoding = 4; lastKnownFileType = file.storyboard; name = Follow.storyboard; path = IRLive/Classes/Follow/Follow.storyboard; sourceTree = "<group>"; };
		8A0B4F2521240A66001B2DC7 /* MainViewViewController.swift */ = {isa = PBXFileReference; lastKnownFileType = sourcecode.swift; path = MainViewViewController.swift; sourceTree = "<group>"; };
		8A0B4F2721240C75001B2DC7 /* Profile.storyboard */ = {isa = PBXFileReference; fileEncoding = 4; lastKnownFileType = file.storyboard; name = Profile.storyboard; path = IRLive/Classes/Profile/Profile.storyboard; sourceTree = "<group>"; };
		8A0B4F2F21240E59001B2DC7 /* HomeViewController.swift */ = {isa = PBXFileReference; lastKnownFileType = sourcecode.swift; path = HomeViewController.swift; sourceTree = "<group>"; };
		8A0B4F32212411B0001B2DC7 /* UIBarButtonItem.swift */ = {isa = PBXFileReference; lastKnownFileType = sourcecode.swift; path = UIBarButtonItem.swift; sourceTree = "<group>"; };
		8A0B4F34212429CF001B2DC7 /* PageTitleView.swift */ = {isa = PBXFileReference; lastKnownFileType = sourcecode.swift; path = PageTitleView.swift; sourceTree = "<group>"; };
		8A0B4F3621242EC9001B2DC7 /* Common.swift */ = {isa = PBXFileReference; lastKnownFileType = sourcecode.swift; path = Common.swift; sourceTree = "<group>"; };
		8A76AA7E212696D1009C2F43 /* CollectionHeaderView.swift */ = {isa = PBXFileReference; lastKnownFileType = sourcecode.swift; path = CollectionHeaderView.swift; sourceTree = "<group>"; };
		8A76AA7F212696D1009C2F43 /* CollectionHeaderView.xib */ = {isa = PBXFileReference; lastKnownFileType = file.xib; path = CollectionHeaderView.xib; sourceTree = "<group>"; };
		8A76AA822126A05D009C2F43 /* CollectionNormalCell.swift */ = {isa = PBXFileReference; lastKnownFileType = sourcecode.swift; path = CollectionNormalCell.swift; sourceTree = "<group>"; };
		8A76AA832126A05D009C2F43 /* CollectionNormalCell.xib */ = {isa = PBXFileReference; lastKnownFileType = file.xib; path = CollectionNormalCell.xib; sourceTree = "<group>"; };
		8A76AA862126AB8A009C2F43 /* CollectionPrettyCell.swift */ = {isa = PBXFileReference; lastKnownFileType = sourcecode.swift; path = CollectionPrettyCell.swift; sourceTree = "<group>"; };
		8A76AA872126AB8B009C2F43 /* CollectionPrettyCell.xib */ = {isa = PBXFileReference; lastKnownFileType = file.xib; path = CollectionPrettyCell.xib; sourceTree = "<group>"; };
		8A76AA8A2126BD0A009C2F43 /* NetworkTools.swift */ = {isa = PBXFileReference; lastKnownFileType = sourcecode.swift; path = NetworkTools.swift; sourceTree = "<group>"; };
		8AD3A046212547F5008082EE /* UIColor-Extension.swift */ = {isa = PBXFileReference; lastKnownFileType = sourcecode.swift; path = "UIColor-Extension.swift"; sourceTree = "<group>"; };
		8AD3A0482125484E008082EE /* PageContentView.swift */ = {isa = PBXFileReference; lastKnownFileType = sourcecode.swift; path = PageContentView.swift; sourceTree = "<group>"; };
		8AD3A04A21257B05008082EE /* RecommendViewController.swift */ = {isa = PBXFileReference; lastKnownFileType = sourcecode.swift; path = RecommendViewController.swift; sourceTree = "<group>"; };
		8C24947288F9C946EDD9F027 /* Pods_IRLive.framework */ = {isa = PBXFileReference; explicitFileType = wrapper.framework; includeInIndex = 0; path = Pods_IRLive.framework; sourceTree = BUILT_PRODUCTS_DIR; };
/* End PBXFileReference section */

/* Begin PBXFrameworksBuildPhase section */
		8A0B4EFE212406E8001B2DC7 /* Frameworks */ = {
			isa = PBXFrameworksBuildPhase;
			buildActionMask = 2147483647;
			files = (
				E2E7BF7EE8FF71CB96DCABD4 /* Pods_IRLive.framework in Frameworks */,
			);
			runOnlyForDeploymentPostprocessing = 0;
		};
/* End PBXFrameworksBuildPhase section */

/* Begin PBXGroup section */
		8A0B4EF8212406E8001B2DC7 = {
			isa = PBXGroup;
			children = (
				8A0B4F2721240C75001B2DC7 /* Profile.storyboard */,
				8A0B4F23212409D7001B2DC7 /* Follow.storyboard */,
				8A0B4F202124096D001B2DC7 /* Live.storyboard */,
				8A0B4F1D21240915001B2DC7 /* Home.storyboard */,
				8A0B4F03212406E8001B2DC7 /* IRLive */,
				8A0B4F02212406E8001B2DC7 /* Products */,
				E1516D1B414C2DBB34D45590 /* Pods */,
				91AAD5B95336EC43576DCF67 /* Frameworks */,
			);
			sourceTree = "<group>";
		};
		8A0B4F02212406E8001B2DC7 /* Products */ = {
			isa = PBXGroup;
			children = (
				8A0B4F01212406E8001B2DC7 /* IRLive.app */,
			);
			name = Products;
			sourceTree = "<group>";
		};
		8A0B4F03212406E8001B2DC7 /* IRLive */ = {
			isa = PBXGroup;
			children = (
				8A0B4F1621240733001B2DC7 /* Classes */,
				8A0B4F04212406E8001B2DC7 /* AppDelegate.swift */,
				8A0B4F06212406E8001B2DC7 /* ViewController.swift */,
				8A0B4F08212406E8001B2DC7 /* Main.storyboard */,
				8A0B4F0B212406EB001B2DC7 /* Assets.xcassets */,
				8A0B4F0D212406EB001B2DC7 /* LaunchScreen.storyboard */,
				8A0B4F10212406EB001B2DC7 /* Info.plist */,
			);
			path = IRLive;
			sourceTree = "<group>";
		};
		8A0B4F1621240733001B2DC7 /* Classes */ = {
			isa = PBXGroup;
			children = (
				8A0B4F1921240733001B2DC7 /* Main */,
				8A0B4F1721240733001B2DC7 /* Home */,
				8A0B4F1821240733001B2DC7 /* Live */,
				8A0B4F1A21240733001B2DC7 /* Profile */,
				8A0B4F1B21240733001B2DC7 /* Tools */,
				8A0B4F1C21240734001B2DC7 /* Follow */,
			);
			path = Classes;
			sourceTree = "<group>";
		};
		8A0B4F1721240733001B2DC7 /* Home */ = {
			isa = PBXGroup;
			children = (
				8A0B4F2E21240E30001B2DC7 /* Controller */,
				8A0B4F2C21240E30001B2DC7 /* Model */,
				8A0B4F2D21240E30001B2DC7 /* View */,
			);
			path = Home;
			sourceTree = "<group>";
		};
		8A0B4F1821240733001B2DC7 /* Live */ = {
			isa = PBXGroup;
			children = (
			);
			path = Live;
			sourceTree = "<group>";
		};
		8A0B4F1921240733001B2DC7 /* Main */ = {
			isa = PBXGroup;
			children = (
				8A0B4F2A21240E13001B2DC7 /* Controller */,
				8A0B4F2B21240E13001B2DC7 /* Model */,
				8A0B4F2921240E13001B2DC7 /* View */,
			);
			path = Main;
			sourceTree = "<group>";
		};
		8A0B4F1A21240733001B2DC7 /* Profile */ = {
			isa = PBXGroup;
			children = (
			);
			path = Profile;
			sourceTree = "<group>";
		};
		8A0B4F1B21240733001B2DC7 /* Tools */ = {
			isa = PBXGroup;
			children = (
				8A0B4F3121241147001B2DC7 /* Extension */,
				8A0B4F3621242EC9001B2DC7 /* Common.swift */,
				8A76AA8A2126BD0A009C2F43 /* NetworkTools.swift */,
			);
			path = Tools;
			sourceTree = "<group>";
		};
		8A0B4F1C21240734001B2DC7 /* Follow */ = {
			isa = PBXGroup;
			children = (
			);
			path = Follow;
			sourceTree = "<group>";
		};
		8A0B4F2921240E13001B2DC7 /* View */ = {
			isa = PBXGroup;
			children = (
				8A0B4F34212429CF001B2DC7 /* PageTitleView.swift */,
				8AD3A0482125484E008082EE /* PageContentView.swift */,
				8A76AA822126A05D009C2F43 /* CollectionNormalCell.swift */,
				8A76AA832126A05D009C2F43 /* CollectionNormalCell.xib */,
				8A76AA862126AB8A009C2F43 /* CollectionPrettyCell.swift */,
				8A76AA872126AB8B009C2F43 /* CollectionPrettyCell.xib */,
			);
			path = View;
			sourceTree = "<group>";
		};
		8A0B4F2A21240E13001B2DC7 /* Controller */ = {
			isa = PBXGroup;
			children = (
				8A0B4F2521240A66001B2DC7 /* MainViewViewController.swift */,
			);
			path = Controller;
			sourceTree = "<group>";
		};
		8A0B4F2B21240E13001B2DC7 /* Model */ = {
			isa = PBXGroup;
			children = (
			);
			path = Model;
			sourceTree = "<group>";
		};
		8A0B4F2C21240E30001B2DC7 /* Model */ = {
			isa = PBXGroup;
			children = (
			);
			path = Model;
			sourceTree = "<group>";
		};
		8A0B4F2D21240E30001B2DC7 /* View */ = {
			isa = PBXGroup;
			children = (
				8A76AA7E212696D1009C2F43 /* CollectionHeaderView.swift */,
				8A76AA7F212696D1009C2F43 /* CollectionHeaderView.xib */,
			);
			path = View;
			sourceTree = "<group>";
		};
		8A0B4F2E21240E30001B2DC7 /* Controller */ = {
			isa = PBXGroup;
			children = (
				8A0B4F2F21240E59001B2DC7 /* HomeViewController.swift */,
				8AD3A04A21257B05008082EE /* RecommendViewController.swift */,
			);
			path = Controller;
			sourceTree = "<group>";
		};
		8A0B4F3121241147001B2DC7 /* Extension */ = {
			isa = PBXGroup;
			children = (
				8A0B4F32212411B0001B2DC7 /* UIBarButtonItem.swift */,
				8AD3A046212547F5008082EE /* UIColor-Extension.swift */,
			);
			path = Extension;
			sourceTree = "<group>";
		};
		91AAD5B95336EC43576DCF67 /* Frameworks */ = {
			isa = PBXGroup;
			children = (
				8C24947288F9C946EDD9F027 /* Pods_IRLive.framework */,
			);
			name = Frameworks;
			sourceTree = "<group>";
		};
		E1516D1B414C2DBB34D45590 /* Pods */ = {
			isa = PBXGroup;
			children = (
				3101F3A543EB6A5787631D02 /* Pods-IRLive.debug.xcconfig */,
				8448088C34C256A2B27D7CEC /* Pods-IRLive.release.xcconfig */,
			);
			name = Pods;
			sourceTree = "<group>";
		};
/* End PBXGroup section */

/* Begin PBXNativeTarget section */
		8A0B4F00212406E8001B2DC7 /* IRLive */ = {
			isa = PBXNativeTarget;
			buildConfigurationList = 8A0B4F13212406EB001B2DC7 /* Build configuration list for PBXNativeTarget "IRLive" */;
			buildPhases = (
				66256685967F05A7154D13CC /* [CP] Check Pods Manifest.lock */,
				8A0B4EFD212406E8001B2DC7 /* Sources */,
				8A0B4EFE212406E8001B2DC7 /* Frameworks */,
				8A0B4EFF212406E8001B2DC7 /* Resources */,
				6F4323C58483BEC24842CABC /* [CP] Embed Pods Frameworks */,
				4C312F9FE9013D72A8ACCF7C /* [CP] Copy Pods Resources */,
			);
			buildRules = (
			);
			dependencies = (
			);
			name = IRLive;
			productName = IRLive;
			productReference = 8A0B4F01212406E8001B2DC7 /* IRLive.app */;
			productType = "com.apple.product-type.application";
		};
/* End PBXNativeTarget section */

/* Begin PBXProject section */
		8A0B4EF9212406E8001B2DC7 /* Project object */ = {
			isa = PBXProject;
			attributes = {
				LastSwiftUpdateCheck = 0940;
				LastUpgradeCheck = 0940;
				ORGANIZATIONNAME = Phil;
				TargetAttributes = {
					8A0B4F00212406E8001B2DC7 = {
						CreatedOnToolsVersion = 9.4.1;
					};
				};
			};
			buildConfigurationList = 8A0B4EFC212406E8001B2DC7 /* Build configuration list for PBXProject "IRLive" */;
			compatibilityVersion = "Xcode 9.3";
			developmentRegion = en;
			hasScannedForEncodings = 0;
			knownRegions = (
				en,
				Base,
			);
			mainGroup = 8A0B4EF8212406E8001B2DC7;
			productRefGroup = 8A0B4F02212406E8001B2DC7 /* Products */;
			projectDirPath = "";
			projectRoot = "";
			targets = (
				8A0B4F00212406E8001B2DC7 /* IRLive */,
			);
		};
/* End PBXProject section */

/* Begin PBXResourcesBuildPhase section */
		8A0B4EFF212406E8001B2DC7 /* Resources */ = {
			isa = PBXResourcesBuildPhase;
			buildActionMask = 2147483647;
			files = (
				8A0B4F0F212406EB001B2DC7 /* LaunchScreen.storyboard in Resources */,
				8A76AA81212696D1009C2F43 /* CollectionHeaderView.xib in Resources */,
				8A76AA852126A05D009C2F43 /* CollectionNormalCell.xib in Resources */,
				8A0B4F0C212406EB001B2DC7 /* Assets.xcassets in Resources */,
				8A0B4F0A212406E8001B2DC7 /* Main.storyboard in Resources */,
				8A0B4F222124096D001B2DC7 /* Live.storyboard in Resources */,
				8A0B4F1F21240915001B2DC7 /* Home.storyboard in Resources */,
				8A76AA892126AB8B009C2F43 /* CollectionPrettyCell.xib in Resources */,
				8A0B4F2821240C75001B2DC7 /* Profile.storyboard in Resources */,
				8A0B4F24212409D7001B2DC7 /* Follow.storyboard in Resources */,
			);
			runOnlyForDeploymentPostprocessing = 0;
		};
/* End PBXResourcesBuildPhase section */

/* Begin PBXShellScriptBuildPhase section */
		4C312F9FE9013D72A8ACCF7C /* [CP] Copy Pods Resources */ = {
			isa = PBXShellScriptBuildPhase;
			buildActionMask = 2147483647;
			files = (
			);
			inputPaths = (
			);
			name = "[CP] Copy Pods Resources";
			outputPaths = (
			);
			runOnlyForDeploymentPostprocessing = 0;
			shellPath = /bin/sh;
			shellScript = "\"${SRCROOT}/Pods/Target Support Files/Pods-IRLive/Pods-IRLive-resources.sh\"\n";
			showEnvVarsInLog = 0;
		};
		66256685967F05A7154D13CC /* [CP] Check Pods Manifest.lock */ = {
			isa = PBXShellScriptBuildPhase;
			buildActionMask = 2147483647;
			files = (
			);
			inputPaths = (
				"${PODS_PODFILE_DIR_PATH}/Podfile.lock",
				"${PODS_ROOT}/Manifest.lock",
			);
			name = "[CP] Check Pods Manifest.lock";
			outputPaths = (
				"$(DERIVED_FILE_DIR)/Pods-IRLive-checkManifestLockResult.txt",
			);
			runOnlyForDeploymentPostprocessing = 0;
			shellPath = /bin/sh;
			shellScript = "diff \"${PODS_PODFILE_DIR_PATH}/Podfile.lock\" \"${PODS_ROOT}/Manifest.lock\" > /dev/null\nif [ $? != 0 ] ; then\n    # print error to STDERR\n    echo \"error: The sandbox is not in sync with the Podfile.lock. Run 'pod install' or update your CocoaPods installation.\" >&2\n    exit 1\nfi\n# This output is used by Xcode 'outputs' to avoid re-running this script phase.\necho \"SUCCESS\" > \"${SCRIPT_OUTPUT_FILE_0}\"\n";
			showEnvVarsInLog = 0;
		};
		6F4323C58483BEC24842CABC /* [CP] Embed Pods Frameworks */ = {
			isa = PBXShellScriptBuildPhase;
			buildActionMask = 2147483647;
			files = (
			);
			inputPaths = (
				"${SRCROOT}/Pods/Target Support Files/Pods-IRLive/Pods-IRLive-frameworks.sh",
				"${BUILT_PRODUCTS_DIR}/Alamofire/Alamofire.framework",
			);
			name = "[CP] Embed Pods Frameworks";
			outputPaths = (
				"${TARGET_BUILD_DIR}/${FRAMEWORKS_FOLDER_PATH}/Alamofire.framework",
			);
			runOnlyForDeploymentPostprocessing = 0;
			shellPath = /bin/sh;
			shellScript = "\"${SRCROOT}/Pods/Target Support Files/Pods-IRLive/Pods-IRLive-frameworks.sh\"\n";
			showEnvVarsInLog = 0;
		};
/* End PBXShellScriptBuildPhase section */

/* Begin PBXSourcesBuildPhase section */
		8A0B4EFD212406E8001B2DC7 /* Sources */ = {
			isa = PBXSourcesBuildPhase;
			buildActionMask = 2147483647;
			files = (
				8A76AA8B2126BD0A009C2F43 /* NetworkTools.swift in Sources */,
				8A0B4F35212429CF001B2DC7 /* PageTitleView.swift in Sources */,
				8A76AA80212696D1009C2F43 /* CollectionHeaderView.swift in Sources */,
				8AD3A0492125484E008082EE /* PageContentView.swift in Sources */,
				8AD3A047212547F5008082EE /* UIColor-Extension.swift in Sources */,
				8A0B4F07212406E8001B2DC7 /* ViewController.swift in Sources */,
				8A0B4F33212411B0001B2DC7 /* UIBarButtonItem.swift in Sources */,
				8A0B4F2621240A66001B2DC7 /* MainViewViewController.swift in Sources */,
				8A0B4F05212406E8001B2DC7 /* AppDelegate.swift in Sources */,
				8A0B4F3021240E59001B2DC7 /* HomeViewController.swift in Sources */,
				8A0B4F3721242EC9001B2DC7 /* Common.swift in Sources */,
				8A76AA882126AB8B009C2F43 /* CollectionPrettyCell.swift in Sources */,
				8A76AA842126A05D009C2F43 /* CollectionNormalCell.swift in Sources */,
				8AD3A04B21257B05008082EE /* RecommendViewController.swift in Sources */,
			);
			runOnlyForDeploymentPostprocessing = 0;
		};
/* End PBXSourcesBuildPhase section */

/* Begin PBXVariantGroup section */
		8A0B4F08212406E8001B2DC7 /* Main.storyboard */ = {
			isa = PBXVariantGroup;
			children = (
				8A0B4F09212406E8001B2DC7 /* Base */,
			);
			name = Main.storyboard;
			sourceTree = "<group>";
		};
		8A0B4F0D212406EB001B2DC7 /* LaunchScreen.storyboard */ = {
			isa = PBXVariantGroup;
			children = (
				8A0B4F0E212406EB001B2DC7 /* Base */,
			);
			name = LaunchScreen.storyboard;
			sourceTree = "<group>";
		};
		8A0B4F1D21240915001B2DC7 /* Home.storyboard */ = {
			isa = PBXVariantGroup;
			children = (
				8A0B4F1E21240915001B2DC7 /* Base */,
			);
			name = Home.storyboard;
			sourceTree = "<group>";
		};
		8A0B4F202124096D001B2DC7 /* Live.storyboard */ = {
			isa = PBXVariantGroup;
			children = (
				8A0B4F212124096D001B2DC7 /* Base */,
			);
			name = Live.storyboard;
			sourceTree = "<group>";
		};
/* End PBXVariantGroup section */

/* Begin XCBuildConfiguration section */
		8A0B4F11212406EB001B2DC7 /* Debug */ = {
			isa = XCBuildConfiguration;
			buildSettings = {
				ALWAYS_SEARCH_USER_PATHS = NO;
				CLANG_ANALYZER_NONNULL = YES;
				CLANG_ANALYZER_NUMBER_OBJECT_CONVERSION = YES_AGGRESSIVE;
				CLANG_CXX_LANGUAGE_STANDARD = "gnu++14";
				CLANG_CXX_LIBRARY = "libc++";
				CLANG_ENABLE_MODULES = YES;
				CLANG_ENABLE_OBJC_ARC = YES;
				CLANG_ENABLE_OBJC_WEAK = YES;
				CLANG_WARN_BLOCK_CAPTURE_AUTORELEASING = YES;
				CLANG_WARN_BOOL_CONVERSION = YES;
				CLANG_WARN_COMMA = YES;
				CLANG_WARN_CONSTANT_CONVERSION = YES;
				CLANG_WARN_DEPRECATED_OBJC_IMPLEMENTATIONS = YES;
				CLANG_WARN_DIRECT_OBJC_ISA_USAGE = YES_ERROR;
				CLANG_WARN_DOCUMENTATION_COMMENTS = YES;
				CLANG_WARN_EMPTY_BODY = YES;
				CLANG_WARN_ENUM_CONVERSION = YES;
				CLANG_WARN_INFINITE_RECURSION = YES;
				CLANG_WARN_INT_CONVERSION = YES;
				CLANG_WARN_NON_LITERAL_NULL_CONVERSION = YES;
				CLANG_WARN_OBJC_IMPLICIT_RETAIN_SELF = YES;
				CLANG_WARN_OBJC_LITERAL_CONVERSION = YES;
				CLANG_WARN_OBJC_ROOT_CLASS = YES_ERROR;
				CLANG_WARN_RANGE_LOOP_ANALYSIS = YES;
				CLANG_WARN_STRICT_PROTOTYPES = YES;
				CLANG_WARN_SUSPICIOUS_MOVE = YES;
				CLANG_WARN_UNGUARDED_AVAILABILITY = YES_AGGRESSIVE;
				CLANG_WARN_UNREACHABLE_CODE = YES;
				CLANG_WARN__DUPLICATE_METHOD_MATCH = YES;
				CODE_SIGN_IDENTITY = "iPhone Developer";
				COPY_PHASE_STRIP = NO;
				DEBUG_INFORMATION_FORMAT = dwarf;
				ENABLE_STRICT_OBJC_MSGSEND = YES;
				ENABLE_TESTABILITY = YES;
				GCC_C_LANGUAGE_STANDARD = gnu11;
				GCC_DYNAMIC_NO_PIC = NO;
				GCC_NO_COMMON_BLOCKS = YES;
				GCC_OPTIMIZATION_LEVEL = 0;
				GCC_PREPROCESSOR_DEFINITIONS = (
					"DEBUG=1",
					"$(inherited)",
				);
				GCC_WARN_64_TO_32_BIT_CONVERSION = YES;
				GCC_WARN_ABOUT_RETURN_TYPE = YES_ERROR;
				GCC_WARN_UNDECLARED_SELECTOR = YES;
				GCC_WARN_UNINITIALIZED_AUTOS = YES_AGGRESSIVE;
				GCC_WARN_UNUSED_FUNCTION = YES;
				GCC_WARN_UNUSED_VARIABLE = YES;
				IPHONEOS_DEPLOYMENT_TARGET = 11.4;
				MTL_ENABLE_DEBUG_INFO = YES;
				ONLY_ACTIVE_ARCH = YES;
				SDKROOT = iphoneos;
				SWIFT_ACTIVE_COMPILATION_CONDITIONS = DEBUG;
				SWIFT_OPTIMIZATION_LEVEL = "-Onone";
			};
			name = Debug;
		};
		8A0B4F12212406EB001B2DC7 /* Release */ = {
			isa = XCBuildConfiguration;
			buildSettings = {
				ALWAYS_SEARCH_USER_PATHS = NO;
				CLANG_ANALYZER_NONNULL = YES;
				CLANG_ANALYZER_NUMBER_OBJECT_CONVERSION = YES_AGGRESSIVE;
				CLANG_CXX_LANGUAGE_STANDARD = "gnu++14";
				CLANG_CXX_LIBRARY = "libc++";
				CLANG_ENABLE_MODULES = YES;
				CLANG_ENABLE_OBJC_ARC = YES;
				CLANG_ENABLE_OBJC_WEAK = YES;
				CLANG_WARN_BLOCK_CAPTURE_AUTORELEASING = YES;
				CLANG_WARN_BOOL_CONVERSION = YES;
				CLANG_WARN_COMMA = YES;
				CLANG_WARN_CONSTANT_CONVERSION = YES;
				CLANG_WARN_DEPRECATED_OBJC_IMPLEMENTATIONS = YES;
				CLANG_WARN_DIRECT_OBJC_ISA_USAGE = YES_ERROR;
				CLANG_WARN_DOCUMENTATION_COMMENTS = YES;
				CLANG_WARN_EMPTY_BODY = YES;
				CLANG_WARN_ENUM_CONVERSION = YES;
				CLANG_WARN_INFINITE_RECURSION = YES;
				CLANG_WARN_INT_CONVERSION = YES;
				CLANG_WARN_NON_LITERAL_NULL_CONVERSION = YES;
				CLANG_WARN_OBJC_IMPLICIT_RETAIN_SELF = YES;
				CLANG_WARN_OBJC_LITERAL_CONVERSION = YES;
				CLANG_WARN_OBJC_ROOT_CLASS = YES_ERROR;
				CLANG_WARN_RANGE_LOOP_ANALYSIS = YES;
				CLANG_WARN_STRICT_PROTOTYPES = YES;
				CLANG_WARN_SUSPICIOUS_MOVE = YES;
				CLANG_WARN_UNGUARDED_AVAILABILITY = YES_AGGRESSIVE;
				CLANG_WARN_UNREACHABLE_CODE = YES;
				CLANG_WARN__DUPLICATE_METHOD_MATCH = YES;
				CODE_SIGN_IDENTITY = "iPhone Developer";
				COPY_PHASE_STRIP = NO;
				DEBUG_INFORMATION_FORMAT = "dwarf-with-dsym";
				ENABLE_NS_ASSERTIONS = NO;
				ENABLE_STRICT_OBJC_MSGSEND = YES;
				GCC_C_LANGUAGE_STANDARD = gnu11;
				GCC_NO_COMMON_BLOCKS = YES;
				GCC_WARN_64_TO_32_BIT_CONVERSION = YES;
				GCC_WARN_ABOUT_RETURN_TYPE = YES_ERROR;
				GCC_WARN_UNDECLARED_SELECTOR = YES;
				GCC_WARN_UNINITIALIZED_AUTOS = YES_AGGRESSIVE;
				GCC_WARN_UNUSED_FUNCTION = YES;
				GCC_WARN_UNUSED_VARIABLE = YES;
				IPHONEOS_DEPLOYMENT_TARGET = 11.4;
				MTL_ENABLE_DEBUG_INFO = NO;
				SDKROOT = iphoneos;
				SWIFT_COMPILATION_MODE = wholemodule;
				SWIFT_OPTIMIZATION_LEVEL = "-O";
				VALIDATE_PRODUCT = YES;
			};
			name = Release;
		};
		8A0B4F14212406EB001B2DC7 /* Debug */ = {
			isa = XCBuildConfiguration;
			baseConfigurationReference = 3101F3A543EB6A5787631D02 /* Pods-IRLive.debug.xcconfig */;
			buildSettings = {
				ASSETCATALOG_COMPILER_APPICON_NAME = AppIcon;
				ASSETCATALOG_COMPILER_LAUNCHIMAGE_NAME = LaunchImage;
				CODE_SIGN_STYLE = Automatic;
				DEVELOPMENT_TEAM = FMZXNUXTR6;
				INFOPLIST_FILE = IRLive/Info.plist;
				LD_RUNPATH_SEARCH_PATHS = (
					"$(inherited)",
					"@executable_path/Frameworks",
				);
				PRODUCT_BUNDLE_IDENTIFIER = irons163.IRLive;
				PRODUCT_NAME = "$(TARGET_NAME)";
				SWIFT_VERSION = 4.0;
				TARGETED_DEVICE_FAMILY = "1,2";
			};
			name = Debug;
		};
		8A0B4F15212406EB001B2DC7 /* Release */ = {
			isa = XCBuildConfiguration;
			baseConfigurationReference = 8448088C34C256A2B27D7CEC /* Pods-IRLive.release.xcconfig */;
			buildSettings = {
				ASSETCATALOG_COMPILER_APPICON_NAME = AppIcon;
				ASSETCATALOG_COMPILER_LAUNCHIMAGE_NAME = LaunchImage;
				CODE_SIGN_STYLE = Automatic;
				DEVELOPMENT_TEAM = FMZXNUXTR6;
				INFOPLIST_FILE = IRLive/Info.plist;
				LD_RUNPATH_SEARCH_PATHS = (
					"$(inherited)",
					"@executable_path/Frameworks",
				);
				PRODUCT_BUNDLE_IDENTIFIER = irons163.IRLive;
				PRODUCT_NAME = "$(TARGET_NAME)";
				SWIFT_VERSION = 4.0;
				TARGETED_DEVICE_FAMILY = "1,2";
			};
			name = Release;
		};
/* End XCBuildConfiguration section */

/* Begin XCConfigurationList section */
		8A0B4EFC212406E8001B2DC7 /* Build configuration list for PBXProject "IRLive" */ = {
			isa = XCConfigurationList;
			buildConfigurations = (
				8A0B4F11212406EB001B2DC7 /* Debug */,
				8A0B4F12212406EB001B2DC7 /* Release */,
			);
			defaultConfigurationIsVisible = 0;
			defaultConfigurationName = Release;
		};
		8A0B4F13212406EB001B2DC7 /* Build configuration list for PBXNativeTarget "IRLive" */ = {
			isa = XCConfigurationList;
			buildConfigurations = (
				8A0B4F14212406EB001B2DC7 /* Debug */,
				8A0B4F15212406EB001B2DC7 /* Release */,
			);
			defaultConfigurationIsVisible = 0;
			defaultConfigurationName = Release;
		};
/* End XCConfigurationList section */
	};
	rootObject = 8A0B4EF9212406E8001B2DC7 /* Project object */;
}
